
Microsoft Visual Studio Solution File, Format Version 12.00
# Visual Studio 14
VisualStudioVersion = 14.0.25420.1
MinimumVisualStudioVersion = 10.0.40219.1
Project("{2150E333-8FDC-42A3-9474-1A3956D46DE8}") = "Patterns", "Patterns", "{83D28DA0-EAA0-4AF9-AA7A-05C62855140C}"
EndProject
Project("{2150E333-8FDC-42A3-9474-1A3956D46DE8}") = "Singleton", "Singleton", "{BB613D7D-3CB3-460F-962C-089AE970B274}"
EndProject
Project("{FAE04EC0-301F-11D3-BF4B-00C04F79EFBC}") = "NonThreadSafeSingleton", "Singleton\NonThreadSafeSingleton\NonThreadSafeSingleton.csproj", "{A6F0C78F-5E1E-4295-8B16-5EED4ADE4E85}"
EndProject
Project("{FAE04EC0-301F-11D3-BF4B-00C04F79EFBC}") = "ThreadSafeSingleton", "Singleton\ThreadSafeSingleton\ThreadSafeSingleton.csproj", "{18677C68-9286-451A-86D6-F5754071E96F}"
EndProject
Project("{FAE04EC0-301F-11D3-BF4B-00C04F79EFBC}") = "Adapter", "Adapter\Adapter.csproj", "{2F3B61F1-5CBE-49FC-995F-AF06E1B472B0}"
EndProject
Project("{FAE04EC0-301F-11D3-BF4B-00C04F79EFBC}") = "Builder", "Builder\Builder.csproj", "{FA9108CC-FE55-46FD-99ED-8E50E22B12D7}"
EndProject
Global
	GlobalSection(SolutionConfigurationPlatforms) = preSolution
		Debug|Any CPU = Debug|Any CPU
		Release|Any CPU = Release|Any CPU
	EndGlobalSection
	GlobalSection(ProjectConfigurationPlatforms) = postSolution
		{A6F0C78F-5E1E-4295-8B16-5EED4ADE4E85}.Debug|Any CPU.ActiveCfg = Debug|Any CPU
		{A6F0C78F-5E1E-4295-8B16-5EED4ADE4E85}.Debug|Any CPU.Build.0 = Debug|Any CPU
		{A6F0C78F-5E1E-4295-8B16-5EED4ADE4E85}.Release|Any CPU.ActiveCfg = Release|Any CPU
		{A6F0C78F-5E1E-4295-8B16-5EED4ADE4E85}.Release|Any CPU.Build.0 = Release|Any CPU
		{18677C68-9286-451A-86D6-F5754071E96F}.Debug|Any CPU.ActiveCfg = Debug|Any CPU
		{18677C68-9286-451A-86D6-F5754071E96F}.Debug|Any CPU.Build.0 = Debug|Any CPU
		{18677C68-9286-451A-86D6-F5754071E96F}.Release|Any CPU.ActiveCfg = Release|Any CPU
		{18677C68-9286-451A-86D6-F5754071E96F}.Release|Any CPU.Build.0 = Release|Any CPU
		{2F3B61F1-5CBE-49FC-995F-AF06E1B472B0}.Debug|Any CPU.ActiveCfg = Debug|Any CPU
		{2F3B61F1-5CBE-49FC-995F-AF06E1B472B0}.Debug|Any CPU.Build.0 = Debug|Any CPU
		{2F3B61F1-5CBE-49FC-995F-AF06E1B472B0}.Release|Any CPU.ActiveCfg = Release|Any CPU
		{2F3B61F1-5CBE-49FC-995F-AF06E1B472B0}.Release|Any CPU.Build.0 = Release|Any CPU
		{FA9108CC-FE55-46FD-99ED-8E50E22B12D7}.Debug|Any CPU.ActiveCfg = Debug|Any CPU
		{FA9108CC-FE55-46FD-99ED-8E50E22B12D7}.Debug|Any CPU.Build.0 = Debug|Any CPU
		{FA9108CC-FE55-46FD-99ED-8E50E22B12D7}.Release|Any CPU.ActiveCfg = Release|Any CPU
		{FA9108CC-FE55-46FD-99ED-8E50E22B12D7}.Release|Any CPU.Build.0 = Release|Any CPU
	EndGlobalSection
	GlobalSection(SolutionProperties) = preSolution
		HideSolutionNode = FALSE
	EndGlobalSection
	GlobalSection(NestedProjects) = preSolution
		{BB613D7D-3CB3-460F-962C-089AE970B274} = {83D28DA0-EAA0-4AF9-AA7A-05C62855140C}
		{A6F0C78F-5E1E-4295-8B16-5EED4ADE4E85} = {BB613D7D-3CB3-460F-962C-089AE970B274}
		{18677C68-9286-451A-86D6-F5754071E96F} = {BB613D7D-3CB3-460F-962C-089AE970B274}
		{2F3B61F1-5CBE-49FC-995F-AF06E1B472B0} = {83D28DA0-EAA0-4AF9-AA7A-05C62855140C}
		{FA9108CC-FE55-46FD-99ED-8E50E22B12D7} = {83D28DA0-EAA0-4AF9-AA7A-05C62855140C}
	EndGlobalSection
EndGlobal
