
Microsoft Visual Studio Solution File, Format Version 12.00
# Visual Studio 14
VisualStudioVersion = 14.0.25420.1
MinimumVisualStudioVersion = 10.0.40219.1
Project("{2150E333-8FDC-42A3-9474-1A3956D46DE8}") = "Patterns", "Patterns", "{83D28DA0-EAA0-4AF9-AA7A-05C62855140C}"
EndProject
Project("{2150E333-8FDC-42A3-9474-1A3956D46DE8}") = "Singleton", "Singleton", "{BB613D7D-3CB3-460F-962C-089AE970B274}"
EndProject
Project("{FAE04EC0-301F-11D3-BF4B-00C04F79EFBC}") = "NonThreadSafeSingleton", "Singleton\NonThreadSafeSingleton\NonThreadSafeSingleton.csproj", "{A6F0C78F-5E1E-4295-8B16-5EED4ADE4E85}"
EndProject
Project("{FAE04EC0-301F-11D3-BF4B-00C04F79EFBC}") = "ThreadSafeSingleton", "Singleton\ThreadSafeSingleton\ThreadSafeSingleton.csproj", "{18677C68-9286-451A-86D6-F5754071E96F}"
EndProject
Project("{FAE04EC0-301F-11D3-BF4B-00C04F79EFBC}") = "Adapter", "Adapter\Adapter.csproj", "{2F3B61F1-5CBE-49FC-995F-AF06E1B472B0}"
EndProject
Project("{FAE04EC0-301F-11D3-BF4B-00C04F79EFBC}") = "Builder", "Builder\Builder.csproj", "{FA9108CC-FE55-46FD-99ED-8E50E22B12D7}"
EndProject
Project("{FAE04EC0-301F-11D3-BF4B-00C04F79EFBC}") = "FactoryMethod", "FactoryMethod\FactoryMethod.csproj", "{DF2FC23F-BDA3-4C93-A530-5FE7AAB06481}"
EndProject
Project("{FAE04EC0-301F-11D3-BF4B-00C04F79EFBC}") = "AbstractFactory", "AbstractFactory\AbstractFactory.csproj", "{3FDFB5CB-8C98-4084-9997-41D95A82D2D4}"
EndProject
Project("{2150E333-8FDC-42A3-9474-1A3956D46DE8}") = "Prototype", "Prototype", "{58764C30-73CA-417A-92AE-3ADD9782E0AE}"
EndProject
Project("{FAE04EC0-301F-11D3-BF4B-00C04F79EFBC}") = "PrototypeCaching", "Prototype\PrototypeCaching\PrototypeCaching.csproj", "{E6E82CDE-77ED-4705-8CFB-01F97DBCD0E1}"
EndProject
Project("{FAE04EC0-301F-11D3-BF4B-00C04F79EFBC}") = "PrototypeExample", "Prototype\PrototypeExample\PrototypeExample.csproj", "{50B54CC8-8BAF-4FF3-B357-9DA254BF5927}"
EndProject
Project("{FAE04EC0-301F-11D3-BF4B-00C04F79EFBC}") = "Bridge", "Bridge\Bridge.csproj", "{1661D0E6-CB59-47FE-81EE-B8CE461F5E1C}"
EndProject
Project("{FAE04EC0-301F-11D3-BF4B-00C04F79EFBC}") = "ChainOfResponsibility", "ChainOfResponsibility\ChainOfResponsibility.csproj", "{DA696659-3B53-49B5-8CFA-5345A4AB109B}"
EndProject
Project("{FAE04EC0-301F-11D3-BF4B-00C04F79EFBC}") = "Command", "Command\Command.csproj", "{29E89168-3A5A-405E-9691-34ECB99D9E27}"
EndProject
Project("{FAE04EC0-301F-11D3-BF4B-00C04F79EFBC}") = "Composite", "Composite\Composite.csproj", "{38F02604-974F-4AFA-A501-5C55B4972184}"
EndProject
Project("{FAE04EC0-301F-11D3-BF4B-00C04F79EFBC}") = "Decorator", "Decorator\Decorator.csproj", "{28AE1C0E-77D1-4A46-B218-995D631C01E0}"
EndProject
Project("{FAE04EC0-301F-11D3-BF4B-00C04F79EFBC}") = "Facade", "Facade\Facade.csproj", "{3960D326-67B3-4424-8AB5-22CEEB9424F0}"
EndProject
Project("{FAE04EC0-301F-11D3-BF4B-00C04F79EFBC}") = "Iterator", "Iterator\Iterator.csproj", "{84178301-B792-4259-9649-E60639A2CC0C}"
EndProject
Project("{FAE04EC0-301F-11D3-BF4B-00C04F79EFBC}") = "Mediator", "Mediator\Mediator.csproj", "{EC78629A-92FD-4EBB-97C7-DA474473A7DE}"
EndProject
Project("{FAE04EC0-301F-11D3-BF4B-00C04F79EFBC}") = "Memento", "Memento\Memento.csproj", "{99FC4598-19AE-4BEB-AB27-488A6518DE57}"
EndProject
Project("{FAE04EC0-301F-11D3-BF4B-00C04F79EFBC}") = "Flyweight", "Flyweight\Flyweight.csproj", "{16F90488-AADD-4CD4-BC4D-49F39D31E0D7}"
EndProject
Project("{FAE04EC0-301F-11D3-BF4B-00C04F79EFBC}") = "Observer", "Observer\Observer.csproj", "{CBDB8916-6D2A-4078-A6F9-5213EA1D6328}"
EndProject
Project("{FAE04EC0-301F-11D3-BF4B-00C04F79EFBC}") = "Proxy", "Proxy\Proxy.csproj", "{8F65F2B1-5736-4711-8F3C-D7A9E77AE351}"
EndProject
Project("{FAE04EC0-301F-11D3-BF4B-00C04F79EFBC}") = "State", "State\State.csproj", "{89E8D9E1-C730-4B05-93C3-D6B96165D4DB}"
EndProject
Project("{FAE04EC0-301F-11D3-BF4B-00C04F79EFBC}") = "Strategy", "Strategy\Strategy.csproj", "{CF69CD1A-EF80-4E80-BC68-86B4DDFA8928}"
EndProject
Project("{FAE04EC0-301F-11D3-BF4B-00C04F79EFBC}") = "TemplateMethod", "TemplateMethod\TemplateMethod.csproj", "{94F272B3-6566-466E-823A-0FA7D87435F0}"
EndProject
Project("{FAE04EC0-301F-11D3-BF4B-00C04F79EFBC}") = "Visitor", "Visitor\Visitor.csproj", "{7976B02A-E41B-4D6C-90E0-DA6E08FBD2E3}"
EndProject
Global
	GlobalSection(SolutionConfigurationPlatforms) = preSolution
		Debug|Any CPU = Debug|Any CPU
		Release|Any CPU = Release|Any CPU
	EndGlobalSection
	GlobalSection(ProjectConfigurationPlatforms) = postSolution
		{A6F0C78F-5E1E-4295-8B16-5EED4ADE4E85}.Debug|Any CPU.ActiveCfg = Debug|Any CPU
		{A6F0C78F-5E1E-4295-8B16-5EED4ADE4E85}.Debug|Any CPU.Build.0 = Debug|Any CPU
		{A6F0C78F-5E1E-4295-8B16-5EED4ADE4E85}.Release|Any CPU.ActiveCfg = Release|Any CPU
		{A6F0C78F-5E1E-4295-8B16-5EED4ADE4E85}.Release|Any CPU.Build.0 = Release|Any CPU
		{18677C68-9286-451A-86D6-F5754071E96F}.Debug|Any CPU.ActiveCfg = Debug|Any CPU
		{18677C68-9286-451A-86D6-F5754071E96F}.Debug|Any CPU.Build.0 = Debug|Any CPU
		{18677C68-9286-451A-86D6-F5754071E96F}.Release|Any CPU.ActiveCfg = Release|Any CPU
		{18677C68-9286-451A-86D6-F5754071E96F}.Release|Any CPU.Build.0 = Release|Any CPU
		{2F3B61F1-5CBE-49FC-995F-AF06E1B472B0}.Debug|Any CPU.ActiveCfg = Debug|Any CPU
		{2F3B61F1-5CBE-49FC-995F-AF06E1B472B0}.Debug|Any CPU.Build.0 = Debug|Any CPU
		{2F3B61F1-5CBE-49FC-995F-AF06E1B472B0}.Release|Any CPU.ActiveCfg = Release|Any CPU
		{2F3B61F1-5CBE-49FC-995F-AF06E1B472B0}.Release|Any CPU.Build.0 = Release|Any CPU
		{FA9108CC-FE55-46FD-99ED-8E50E22B12D7}.Debug|Any CPU.ActiveCfg = Debug|Any CPU
		{FA9108CC-FE55-46FD-99ED-8E50E22B12D7}.Debug|Any CPU.Build.0 = Debug|Any CPU
		{FA9108CC-FE55-46FD-99ED-8E50E22B12D7}.Release|Any CPU.ActiveCfg = Release|Any CPU
		{FA9108CC-FE55-46FD-99ED-8E50E22B12D7}.Release|Any CPU.Build.0 = Release|Any CPU
		{DF2FC23F-BDA3-4C93-A530-5FE7AAB06481}.Debug|Any CPU.ActiveCfg = Debug|Any CPU
		{DF2FC23F-BDA3-4C93-A530-5FE7AAB06481}.Debug|Any CPU.Build.0 = Debug|Any CPU
		{DF2FC23F-BDA3-4C93-A530-5FE7AAB06481}.Release|Any CPU.ActiveCfg = Release|Any CPU
		{DF2FC23F-BDA3-4C93-A530-5FE7AAB06481}.Release|Any CPU.Build.0 = Release|Any CPU
		{3FDFB5CB-8C98-4084-9997-41D95A82D2D4}.Debug|Any CPU.ActiveCfg = Debug|Any CPU
		{3FDFB5CB-8C98-4084-9997-41D95A82D2D4}.Debug|Any CPU.Build.0 = Debug|Any CPU
		{3FDFB5CB-8C98-4084-9997-41D95A82D2D4}.Release|Any CPU.ActiveCfg = Release|Any CPU
		{3FDFB5CB-8C98-4084-9997-41D95A82D2D4}.Release|Any CPU.Build.0 = Release|Any CPU
		{E6E82CDE-77ED-4705-8CFB-01F97DBCD0E1}.Debug|Any CPU.ActiveCfg = Debug|Any CPU
		{E6E82CDE-77ED-4705-8CFB-01F97DBCD0E1}.Debug|Any CPU.Build.0 = Debug|Any CPU
		{E6E82CDE-77ED-4705-8CFB-01F97DBCD0E1}.Release|Any CPU.ActiveCfg = Release|Any CPU
		{E6E82CDE-77ED-4705-8CFB-01F97DBCD0E1}.Release|Any CPU.Build.0 = Release|Any CPU
		{50B54CC8-8BAF-4FF3-B357-9DA254BF5927}.Debug|Any CPU.ActiveCfg = Debug|Any CPU
		{50B54CC8-8BAF-4FF3-B357-9DA254BF5927}.Debug|Any CPU.Build.0 = Debug|Any CPU
		{50B54CC8-8BAF-4FF3-B357-9DA254BF5927}.Release|Any CPU.ActiveCfg = Release|Any CPU
		{50B54CC8-8BAF-4FF3-B357-9DA254BF5927}.Release|Any CPU.Build.0 = Release|Any CPU
		{1661D0E6-CB59-47FE-81EE-B8CE461F5E1C}.Debug|Any CPU.ActiveCfg = Debug|Any CPU
		{1661D0E6-CB59-47FE-81EE-B8CE461F5E1C}.Debug|Any CPU.Build.0 = Debug|Any CPU
		{1661D0E6-CB59-47FE-81EE-B8CE461F5E1C}.Release|Any CPU.ActiveCfg = Release|Any CPU
		{1661D0E6-CB59-47FE-81EE-B8CE461F5E1C}.Release|Any CPU.Build.0 = Release|Any CPU
		{DA696659-3B53-49B5-8CFA-5345A4AB109B}.Debug|Any CPU.ActiveCfg = Debug|Any CPU
		{DA696659-3B53-49B5-8CFA-5345A4AB109B}.Debug|Any CPU.Build.0 = Debug|Any CPU
		{DA696659-3B53-49B5-8CFA-5345A4AB109B}.Release|Any CPU.ActiveCfg = Release|Any CPU
		{DA696659-3B53-49B5-8CFA-5345A4AB109B}.Release|Any CPU.Build.0 = Release|Any CPU
		{29E89168-3A5A-405E-9691-34ECB99D9E27}.Debug|Any CPU.ActiveCfg = Debug|Any CPU
		{29E89168-3A5A-405E-9691-34ECB99D9E27}.Debug|Any CPU.Build.0 = Debug|Any CPU
		{29E89168-3A5A-405E-9691-34ECB99D9E27}.Release|Any CPU.ActiveCfg = Release|Any CPU
		{29E89168-3A5A-405E-9691-34ECB99D9E27}.Release|Any CPU.Build.0 = Release|Any CPU
		{38F02604-974F-4AFA-A501-5C55B4972184}.Debug|Any CPU.ActiveCfg = Debug|Any CPU
		{38F02604-974F-4AFA-A501-5C55B4972184}.Debug|Any CPU.Build.0 = Debug|Any CPU
		{38F02604-974F-4AFA-A501-5C55B4972184}.Release|Any CPU.ActiveCfg = Release|Any CPU
		{38F02604-974F-4AFA-A501-5C55B4972184}.Release|Any CPU.Build.0 = Release|Any CPU
		{28AE1C0E-77D1-4A46-B218-995D631C01E0}.Debug|Any CPU.ActiveCfg = Debug|Any CPU
		{28AE1C0E-77D1-4A46-B218-995D631C01E0}.Debug|Any CPU.Build.0 = Debug|Any CPU
		{28AE1C0E-77D1-4A46-B218-995D631C01E0}.Release|Any CPU.ActiveCfg = Release|Any CPU
		{28AE1C0E-77D1-4A46-B218-995D631C01E0}.Release|Any CPU.Build.0 = Release|Any CPU
		{3960D326-67B3-4424-8AB5-22CEEB9424F0}.Debug|Any CPU.ActiveCfg = Debug|Any CPU
		{3960D326-67B3-4424-8AB5-22CEEB9424F0}.Debug|Any CPU.Build.0 = Debug|Any CPU
		{3960D326-67B3-4424-8AB5-22CEEB9424F0}.Release|Any CPU.ActiveCfg = Release|Any CPU
		{3960D326-67B3-4424-8AB5-22CEEB9424F0}.Release|Any CPU.Build.0 = Release|Any CPU
		{84178301-B792-4259-9649-E60639A2CC0C}.Debug|Any CPU.ActiveCfg = Debug|Any CPU
		{84178301-B792-4259-9649-E60639A2CC0C}.Debug|Any CPU.Build.0 = Debug|Any CPU
		{84178301-B792-4259-9649-E60639A2CC0C}.Release|Any CPU.ActiveCfg = Release|Any CPU
		{84178301-B792-4259-9649-E60639A2CC0C}.Release|Any CPU.Build.0 = Release|Any CPU
		{EC78629A-92FD-4EBB-97C7-DA474473A7DE}.Debug|Any CPU.ActiveCfg = Debug|Any CPU
		{EC78629A-92FD-4EBB-97C7-DA474473A7DE}.Debug|Any CPU.Build.0 = Debug|Any CPU
		{EC78629A-92FD-4EBB-97C7-DA474473A7DE}.Release|Any CPU.ActiveCfg = Release|Any CPU
		{EC78629A-92FD-4EBB-97C7-DA474473A7DE}.Release|Any CPU.Build.0 = Release|Any CPU
		{99FC4598-19AE-4BEB-AB27-488A6518DE57}.Debug|Any CPU.ActiveCfg = Debug|Any CPU
		{99FC4598-19AE-4BEB-AB27-488A6518DE57}.Debug|Any CPU.Build.0 = Debug|Any CPU
		{99FC4598-19AE-4BEB-AB27-488A6518DE57}.Release|Any CPU.ActiveCfg = Release|Any CPU
		{99FC4598-19AE-4BEB-AB27-488A6518DE57}.Release|Any CPU.Build.0 = Release|Any CPU
		{16F90488-AADD-4CD4-BC4D-49F39D31E0D7}.Debug|Any CPU.ActiveCfg = Debug|Any CPU
		{16F90488-AADD-4CD4-BC4D-49F39D31E0D7}.Debug|Any CPU.Build.0 = Debug|Any CPU
		{16F90488-AADD-4CD4-BC4D-49F39D31E0D7}.Release|Any CPU.ActiveCfg = Release|Any CPU
		{16F90488-AADD-4CD4-BC4D-49F39D31E0D7}.Release|Any CPU.Build.0 = Release|Any CPU
		{CBDB8916-6D2A-4078-A6F9-5213EA1D6328}.Debug|Any CPU.ActiveCfg = Debug|Any CPU
		{CBDB8916-6D2A-4078-A6F9-5213EA1D6328}.Debug|Any CPU.Build.0 = Debug|Any CPU
		{CBDB8916-6D2A-4078-A6F9-5213EA1D6328}.Release|Any CPU.ActiveCfg = Release|Any CPU
		{CBDB8916-6D2A-4078-A6F9-5213EA1D6328}.Release|Any CPU.Build.0 = Release|Any CPU
		{8F65F2B1-5736-4711-8F3C-D7A9E77AE351}.Debug|Any CPU.ActiveCfg = Debug|Any CPU
		{8F65F2B1-5736-4711-8F3C-D7A9E77AE351}.Debug|Any CPU.Build.0 = Debug|Any CPU
		{8F65F2B1-5736-4711-8F3C-D7A9E77AE351}.Release|Any CPU.ActiveCfg = Release|Any CPU
		{8F65F2B1-5736-4711-8F3C-D7A9E77AE351}.Release|Any CPU.Build.0 = Release|Any CPU
		{89E8D9E1-C730-4B05-93C3-D6B96165D4DB}.Debug|Any CPU.ActiveCfg = Debug|Any CPU
		{89E8D9E1-C730-4B05-93C3-D6B96165D4DB}.Debug|Any CPU.Build.0 = Debug|Any CPU
		{89E8D9E1-C730-4B05-93C3-D6B96165D4DB}.Release|Any CPU.ActiveCfg = Release|Any CPU
		{89E8D9E1-C730-4B05-93C3-D6B96165D4DB}.Release|Any CPU.Build.0 = Release|Any CPU
		{CF69CD1A-EF80-4E80-BC68-86B4DDFA8928}.Debug|Any CPU.ActiveCfg = Debug|Any CPU
		{CF69CD1A-EF80-4E80-BC68-86B4DDFA8928}.Debug|Any CPU.Build.0 = Debug|Any CPU
		{CF69CD1A-EF80-4E80-BC68-86B4DDFA8928}.Release|Any CPU.ActiveCfg = Release|Any CPU
		{CF69CD1A-EF80-4E80-BC68-86B4DDFA8928}.Release|Any CPU.Build.0 = Release|Any CPU
		{94F272B3-6566-466E-823A-0FA7D87435F0}.Debug|Any CPU.ActiveCfg = Debug|Any CPU
		{94F272B3-6566-466E-823A-0FA7D87435F0}.Debug|Any CPU.Build.0 = Debug|Any CPU
		{94F272B3-6566-466E-823A-0FA7D87435F0}.Release|Any CPU.ActiveCfg = Release|Any CPU
		{94F272B3-6566-466E-823A-0FA7D87435F0}.Release|Any CPU.Build.0 = Release|Any CPU
		{7976B02A-E41B-4D6C-90E0-DA6E08FBD2E3}.Debug|Any CPU.ActiveCfg = Debug|Any CPU
		{7976B02A-E41B-4D6C-90E0-DA6E08FBD2E3}.Debug|Any CPU.Build.0 = Debug|Any CPU
		{7976B02A-E41B-4D6C-90E0-DA6E08FBD2E3}.Release|Any CPU.ActiveCfg = Release|Any CPU
		{7976B02A-E41B-4D6C-90E0-DA6E08FBD2E3}.Release|Any CPU.Build.0 = Release|Any CPU
	EndGlobalSection
	GlobalSection(SolutionProperties) = preSolution
		HideSolutionNode = FALSE
	EndGlobalSection
	GlobalSection(NestedProjects) = preSolution
		{BB613D7D-3CB3-460F-962C-089AE970B274} = {83D28DA0-EAA0-4AF9-AA7A-05C62855140C}
		{A6F0C78F-5E1E-4295-8B16-5EED4ADE4E85} = {BB613D7D-3CB3-460F-962C-089AE970B274}
		{18677C68-9286-451A-86D6-F5754071E96F} = {BB613D7D-3CB3-460F-962C-089AE970B274}
		{2F3B61F1-5CBE-49FC-995F-AF06E1B472B0} = {83D28DA0-EAA0-4AF9-AA7A-05C62855140C}
		{FA9108CC-FE55-46FD-99ED-8E50E22B12D7} = {83D28DA0-EAA0-4AF9-AA7A-05C62855140C}
		{DF2FC23F-BDA3-4C93-A530-5FE7AAB06481} = {83D28DA0-EAA0-4AF9-AA7A-05C62855140C}
		{3FDFB5CB-8C98-4084-9997-41D95A82D2D4} = {83D28DA0-EAA0-4AF9-AA7A-05C62855140C}
		{58764C30-73CA-417A-92AE-3ADD9782E0AE} = {83D28DA0-EAA0-4AF9-AA7A-05C62855140C}
		{E6E82CDE-77ED-4705-8CFB-01F97DBCD0E1} = {58764C30-73CA-417A-92AE-3ADD9782E0AE}
		{50B54CC8-8BAF-4FF3-B357-9DA254BF5927} = {58764C30-73CA-417A-92AE-3ADD9782E0AE}
		{1661D0E6-CB59-47FE-81EE-B8CE461F5E1C} = {83D28DA0-EAA0-4AF9-AA7A-05C62855140C}
		{DA696659-3B53-49B5-8CFA-5345A4AB109B} = {83D28DA0-EAA0-4AF9-AA7A-05C62855140C}
		{29E89168-3A5A-405E-9691-34ECB99D9E27} = {83D28DA0-EAA0-4AF9-AA7A-05C62855140C}
		{38F02604-974F-4AFA-A501-5C55B4972184} = {83D28DA0-EAA0-4AF9-AA7A-05C62855140C}
		{28AE1C0E-77D1-4A46-B218-995D631C01E0} = {83D28DA0-EAA0-4AF9-AA7A-05C62855140C}
		{3960D326-67B3-4424-8AB5-22CEEB9424F0} = {83D28DA0-EAA0-4AF9-AA7A-05C62855140C}
		{84178301-B792-4259-9649-E60639A2CC0C} = {83D28DA0-EAA0-4AF9-AA7A-05C62855140C}
		{EC78629A-92FD-4EBB-97C7-DA474473A7DE} = {83D28DA0-EAA0-4AF9-AA7A-05C62855140C}
		{99FC4598-19AE-4BEB-AB27-488A6518DE57} = {83D28DA0-EAA0-4AF9-AA7A-05C62855140C}
		{16F90488-AADD-4CD4-BC4D-49F39D31E0D7} = {83D28DA0-EAA0-4AF9-AA7A-05C62855140C}
		{CBDB8916-6D2A-4078-A6F9-5213EA1D6328} = {83D28DA0-EAA0-4AF9-AA7A-05C62855140C}
		{8F65F2B1-5736-4711-8F3C-D7A9E77AE351} = {83D28DA0-EAA0-4AF9-AA7A-05C62855140C}
		{89E8D9E1-C730-4B05-93C3-D6B96165D4DB} = {83D28DA0-EAA0-4AF9-AA7A-05C62855140C}
		{CF69CD1A-EF80-4E80-BC68-86B4DDFA8928} = {83D28DA0-EAA0-4AF9-AA7A-05C62855140C}
		{94F272B3-6566-466E-823A-0FA7D87435F0} = {83D28DA0-EAA0-4AF9-AA7A-05C62855140C}
		{7976B02A-E41B-4D6C-90E0-DA6E08FBD2E3} = {83D28DA0-EAA0-4AF9-AA7A-05C62855140C}
	EndGlobalSection
EndGlobal
