
Microsoft Visual Studio Solution File, Format Version 12.00
# Visual Studio 14
VisualStudioVersion = 14.0.25420.1
MinimumVisualStudioVersion = 10.0.40219.1
Project("{FAE04EC0-301F-11D3-BF4B-00C04F79EFBC}") = "Adapter", "Adapter\Adapter.csproj", "{D993870E-73E2-4A59-992F-31F2E65A45B1}"
EndProject
Project("{2150E333-8FDC-42A3-9474-1A3956D46DE8}") = "Patterns", "Patterns", "{0432D5A1-B984-4B4C-8F15-4F88A5C197A9}"
EndProject
Global
	GlobalSection(SolutionConfigurationPlatforms) = preSolution
		Debug|Any CPU = Debug|Any CPU
		Release|Any CPU = Release|Any CPU
	EndGlobalSection
	GlobalSection(ProjectConfigurationPlatforms) = postSolution
		{D993870E-73E2-4A59-992F-31F2E65A45B1}.Debug|Any CPU.ActiveCfg = Debug|Any CPU
		{D993870E-73E2-4A59-992F-31F2E65A45B1}.Debug|Any CPU.Build.0 = Debug|Any CPU
		{D993870E-73E2-4A59-992F-31F2E65A45B1}.Release|Any CPU.ActiveCfg = Release|Any CPU
		{D993870E-73E2-4A59-992F-31F2E65A45B1}.Release|Any CPU.Build.0 = Release|Any CPU
	EndGlobalSection
	GlobalSection(SolutionProperties) = preSolution
		HideSolutionNode = FALSE
	EndGlobalSection
	GlobalSection(NestedProjects) = preSolution
		{D993870E-73E2-4A59-992F-31F2E65A45B1} = {0432D5A1-B984-4B4C-8F15-4F88A5C197A9}
	EndGlobalSection
EndGlobal
